// !$*UTF8*$!
{
	archiveVersion = 1;
	classes = {
	};
	objectVersion = 77;
	objects = {

/* Begin PBXBuildFile section */
		1B0423752F646CF40068F68A /* Privy in Frameworks */ = {isa = PBXBuildFile; productRef = AA00000000000001000PRIVY /* Privy */; };
		1BF0E3F72F743D7C0059DFF7 /* FirebaseAnalytics in Frameworks */ = {isa = PBXBuildFile; productRef = 1BF0E3F62F743D7C0059DFF7 /* FirebaseAnalytics */; };
		1BF0E3F92F743D7C0059DFF7 /* FirebaseAnalyticsCore in Frameworks */ = {isa = PBXBuildFile; productRef = 1BF0E3F82F743D7C0059DFF7 /* FirebaseAnalyticsCore */; };
		1BF0E3FB2F743D7C0059DFF7 /* FirebaseAnalyticsIdentitySupport in Frameworks */ = {isa = PBXBuildFile; productRef = 1BF0E3FA2F743D7C0059DFF7 /* FirebaseAnalyticsIdentitySupport */; };
		1BF0E3FD2F743D7C0059DFF7 /* FirebaseAppCheck in Frameworks */ = {isa = PBXBuildFile; productRef = 1BF0E3FC2F743D7C0059DFF7 /* FirebaseAppCheck */; };
		1BF0E3FF2F743D7C0059DFF7 /* FirebaseCore in Frameworks */ = {isa = PBXBuildFile; productRef = 1BF0E3FE2F743D7C0059DFF7 /* FirebaseCore */; };
		1BF0E4012F743D7C0059DFF7 /* FirebaseCrashlytics in Frameworks */ = {isa = PBXBuildFile; productRef = 1BF0E4002F743D7C0059DFF7 /* FirebaseCrashlytics */; };
		1BF0E4032F743D7C0059DFF7 /* FirebaseMessaging in Frameworks */ = {isa = PBXBuildFile; productRef = 1BF0E4022F743D7C0059DFF7 /* FirebaseMessaging */; };
		1BF0E4052F743D7C0059DFF7 /* FirebasePerformance in Frameworks */ = {isa = PBXBuildFile; productRef = 1BF0E4042F743D7C0059DFF7 /* FirebasePerformance */; };
		2A5A3536CEA54CBC907E1A65 /* Sentry in Frameworks */ = {isa = PBXBuildFile; productRef = 021D3D0C9FF648F392A2438B /* Sentry */; };
/* End PBXBuildFile section */

/* Begin PBXFileReference section */
		1B36649E2F60849E004A7F16 /* Nola.app */ = {isa = PBXFileReference; explicitFileType = wrapper.application; includeInIndex = 0; path = Nola.app; sourceTree = BUILT_PRODUCTS_DIR; };
		1B5F822E2F67C300007B241B /* Nola.entitlements */ = {isa = PBXFileReference; lastKnownFileType = text.plist.entitlements; path = Nola.entitlements; sourceTree = "<group>"; };
		AA0000000000DEBUGXCCONFG /* Debug.xcconfig */ = {isa = PBXFileReference; lastKnownFileType = text.xcconfig; path = Debug.xcconfig; sourceTree = "<group>"; };
		AA00000000RELEASEXCCONFG /* Release.xcconfig */ = {isa = PBXFileReference; lastKnownFileType = text.xcconfig; path = Release.xcconfig; sourceTree = "<group>"; };
/* End PBXFileReference section */

/* Begin PBXFileSystemSynchronizedBuildFileExceptionSet section */
		AA00000000000003EXCLUDE /* Exceptions for "app" folder in "Nola" target */ = {
			isa = PBXFileSystemSynchronizedBuildFileExceptionSet;
			membershipExceptions = (
				Info.plist,
			);
			target = 1B36649D2F60849E004A7F16 /* Nola */;
		};
/* End PBXFileSystemSynchronizedBuildFileExceptionSet section */

/* Begin PBXFileSystemSynchronizedRootGroup section */
		1B3664A02F60849E004A7F16 /* app */ = {
			isa = PBXFileSystemSynchronizedRootGroup;
			exceptions = (
				AA00000000000003EXCLUDE /* Exceptions for "app" folder in "Nola" target */,
			);
			path = app;
			sourceTree = "<group>";
		};
/* End PBXFileSystemSynchronizedRootGroup section */

/* Begin PBXFrameworksBuildPhase section */
		1B36649B2F60849E004A7F16 /* Frameworks */ = {
			isa = PBXFrameworksBuildPhase;
			buildActionMask = 2147483647;
			files = (
				1BF0E4032F743D7C0059DFF7 /* FirebaseMessaging in Frameworks */,
				1B0423752F646CF40068F68A /* Privy in Frameworks */,
				1BF0E4052F743D7C0059DFF7 /* FirebasePerformance in Frameworks */,
				1BF0E3FB2F743D7C0059DFF7 /* FirebaseAnalyticsIdentitySupport in Frameworks */,
				2A5A3536CEA54CBC907E1A65 /* Sentry in Frameworks */,
				1BF0E3F72F743D7C0059DFF7 /* FirebaseAnalytics in Frameworks */,
				1BF0E3FF2F743D7C0059DFF7 /* FirebaseCore in Frameworks */,
				1BF0E4012F743D7C0059DFF7 /* FirebaseCrashlytics in Frameworks */,
				1BF0E3FD2F743D7C0059DFF7 /* FirebaseAppCheck in Frameworks */,
				1BF0E3F92F743D7C0059DFF7 /* FirebaseAnalyticsCore in Frameworks */,
			);
			runOnlyForDeploymentPostprocessing = 0;
		};
/* End PBXFrameworksBuildPhase section */

/* Begin PBXGroup section */
		1B3664952F60849E004A7F16 = {
			isa = PBXGroup;
			children = (
				AA000000000CONFIGGROUP00 /* Config */,
				1B5F822E2F67C300007B241B /* Nola.entitlements */,
				1B3664A02F60849E004A7F16 /* app */,
				1B36649F2F60849E004A7F16 /* Products */,
			);
			sourceTree = "<group>";
		};
		1B36649F2F60849E004A7F16 /* Products */ = {
			isa = PBXGroup;
			children = (
				1B36649E2F60849E004A7F16 /* Nola.app */,
			);
			name = Products;
			sourceTree = "<group>";
		};
		AA000000000CONFIGGROUP00 /* Config */ = {
			isa = PBXGroup;
			children = (
				AA0000000000DEBUGXCCONFG /* Debug.xcconfig */,
				AA00000000RELEASEXCCONFG /* Release.xcconfig */,
			);
			path = Config;
			sourceTree = "<group>";
		};
/* End PBXGroup section */

/* Begin PBXNativeTarget section */
		1B36649D2F60849E004A7F16 /* Nola */ = {
			isa = PBXNativeTarget;
			buildConfigurationList = 1B3664A92F60849F004A7F16 /* Build configuration list for PBXNativeTarget "Nola" */;
			buildPhases = (
				1B36649A2F60849E004A7F16 /* Sources */,
				1B36649B2F60849E004A7F16 /* Frameworks */,
				1B36649C2F60849E004A7F16 /* Resources */,
				226B45D5C9F64C4F8257F19C /* Upload Debug Symbols to Sentry */,
			);
			buildRules = (
			);
			dependencies = (
			);
			fileSystemSynchronizedGroups = (
				1B3664A02F60849E004A7F16 /* app */,
			);
			name = Nola;
			packageProductDependencies = (
				AA00000000000001000PRIVY /* Privy */,
				021D3D0C9FF648F392A2438B /* Sentry */,
				1BF0E3F62F743D7C0059DFF7 /* FirebaseAnalytics */,
				1BF0E3F82F743D7C0059DFF7 /* FirebaseAnalyticsCore */,
				1BF0E3FA2F743D7C0059DFF7 /* FirebaseAnalyticsIdentitySupport */,
				1BF0E3FC2F743D7C0059DFF7 /* FirebaseAppCheck */,
				1BF0E3FE2F743D7C0059DFF7 /* FirebaseCore */,
				1BF0E4002F743D7C0059DFF7 /* FirebaseCrashlytics */,
				1BF0E4022F743D7C0059DFF7 /* FirebaseMessaging */,
				1BF0E4042F743D7C0059DFF7 /* FirebasePerformance */,
			);
			productName = app;
			productReference = 1B36649E2F60849E004A7F16 /* Nola.app */;
			productType = "com.apple.product-type.application";
		};
/* End PBXNativeTarget section */

/* Begin PBXProject section */
		1B3664962F60849E004A7F16 /* Project object */ = {
			isa = PBXProject;
			attributes = {
				BuildIndependentTargetsInParallel = 1;
				LastSwiftUpdateCheck = 2620;
				LastUpgradeCheck = 2620;
				TargetAttributes = {
					1B36649D2F60849E004A7F16 = {
						CreatedOnToolsVersion = 26.2;
					};
				};
			};
			buildConfigurationList = 1B3664992F60849E004A7F16 /* Build configuration list for PBXProject "Nola" */;
			developmentRegion = en;
			hasScannedForEncodings = 0;
			knownRegions = (
				en,
				Base,
			);
			mainGroup = 1B3664952F60849E004A7F16;
			minimizedProjectReferenceProxies = 1;
			packageReferences = (
				AA00000000000002000PRIVY /* XCRemoteSwiftPackageReference "privy-ios" */,
				F3E6563739494B159DA19932 /* XCRemoteSwiftPackageReference "sentry-cocoa" */,
				1BF0E3F52F743D7C0059DFF7 /* XCRemoteSwiftPackageReference "firebase-ios-sdk" */,
			);
			preferredProjectObjectVersion = 77;
			productRefGroup = 1B36649F2F60849E004A7F16 /* Products */;
			projectDirPath = "";
			projectRoot = "";
			targets = (
				1B36649D2F60849E004A7F16 /* Nola */,
			);
		};
/* End PBXProject section */

/* Begin PBXResourcesBuildPhase section */
		1B36649C2F60849E004A7F16 /* Resources */ = {
			isa = PBXResourcesBuildPhase;
			buildActionMask = 2147483647;
			files = (
			);
			runOnlyForDeploymentPostprocessing = 0;
		};
/* End PBXResourcesBuildPhase section */

/* Begin PBXShellScriptBuildPhase section */
		226B45D5C9F64C4F8257F19C /* Upload Debug Symbols to Sentry */ = {
			isa = PBXShellScriptBuildPhase;
			buildActionMask = 2147483647;
			files = (
			);
			inputPaths = (
				"${DWARF_DSYM_FOLDER_PATH}/${DWARF_DSYM_FILE_NAME}/Contents/Resources/DWARF/${TARGET_NAME}",
			);
			name = "Upload Debug Symbols to Sentry";
			outputPaths = (
			);
			runOnlyForDeploymentPostprocessing = 0;
			shellPath = /bin/sh;
			shellScript = "# This script is responsible for uploading debug symbols and source context for Sentry.\nif [[ \"$(uname -m)\" == arm64 ]]; then\n  export PATH=\"/opt/homebrew/bin:$PATH\"\nfi\n\nif which sentry-cli >/dev/null; then\n  export SENTRY_ORG=nola\n  export SENTRY_PROJECT=nola-ios\n  ERROR=$(sentry-cli debug-files upload --include-sources \"$DWARF_DSYM_FOLDER_PATH\" 2>&1 >/dev/null)\n  if [ ! $? -eq 0 ]; then\n    echo \"warning: sentry-cli - $ERROR\"\n  fi\nelse\n  echo \"warning: sentry-cli not installed, download from https://github.com/getsentry/sentry-cli/releases\"\nfi\n";
		};
/* End PBXShellScriptBuildPhase section */

/* Begin PBXSourcesBuildPhase section */
		1B36649A2F60849E004A7F16 /* Sources */ = {
			isa = PBXSourcesBuildPhase;
			buildActionMask = 2147483647;
			files = (
			);
			runOnlyForDeploymentPostprocessing = 0;
		};
/* End PBXSourcesBuildPhase section */

/* Begin XCBuildConfiguration section */
		1B3664A72F60849F004A7F16 /* Debug */ = {
			isa = XCBuildConfiguration;
			baseConfigurationReference = AA0000000000DEBUGXCCONFG /* Debug.xcconfig */;
			buildSettings = {
				ALWAYS_SEARCH_USER_PATHS = NO;
				ASSETCATALOG_COMPILER_GENERATE_SWIFT_ASSET_SYMBOL_EXTENSIONS = YES;
				CLANG_ANALYZER_NONNULL = YES;
				CLANG_ANALYZER_NUMBER_OBJECT_CONVERSION = YES_AGGRESSIVE;
				CLANG_CXX_LANGUAGE_STANDARD = "gnu++20";
				CLANG_ENABLE_MODULES = YES;
				CLANG_ENABLE_OBJC_ARC = YES;
				CLANG_ENABLE_OBJC_WEAK = YES;
				CLANG_WARN_BLOCK_CAPTURE_AUTORELEASING = YES;
				CLANG_WARN_BOOL_CONVERSION = YES;
				CLANG_WARN_COMMA = YES;
				CLANG_WARN_CONSTANT_CONVERSION = YES;
				CLANG_WARN_DEPRECATED_OBJC_IMPLEMENTATIONS = YES;
				CLANG_WARN_DIRECT_OBJC_ISA_USAGE = YES_ERROR;
				CLANG_WARN_DOCUMENTATION_COMMENTS = YES;
				CLANG_WARN_EMPTY_BODY = YES;
				CLANG_WARN_ENUM_CONVERSION = YES;
				CLANG_WARN_INFINITE_RECURSION = YES;
				CLANG_WARN_INT_CONVERSION = YES;
				CLANG_WARN_NON_LITERAL_NULL_CONVERSION = YES;
				CLANG_WARN_OBJC_IMPLICIT_RETAIN_SELF = YES;
				CLANG_WARN_OBJC_LITERAL_CONVERSION = YES;
				CLANG_WARN_OBJC_ROOT_CLASS = YES_ERROR;
				CLANG_WARN_QUOTED_INCLUDE_IN_FRAMEWORK_HEADER = YES;
				CLANG_WARN_RANGE_LOOP_ANALYSIS = YES;
				CLANG_WARN_STRICT_PROTOTYPES = YES;
				CLANG_WARN_SUSPICIOUS_MOVE = YES;
				CLANG_WARN_UNGUARDED_AVAILABILITY = YES_AGGRESSIVE;
				CLANG_WARN_UNREACHABLE_CODE = YES;
				CLANG_WARN__DUPLICATE_METHOD_MATCH = YES;
				COPY_PHASE_STRIP = NO;
				DEBUG_INFORMATION_FORMAT = "dwarf-with-dsym";
				DEVELOPMENT_TEAM = 5ZTZD96Q8H;
				ENABLE_STRICT_OBJC_MSGSEND = YES;
				ENABLE_TESTABILITY = YES;
				ENABLE_USER_SCRIPT_SANDBOXING = YES;
				GCC_C_LANGUAGE_STANDARD = gnu17;
				GCC_DYNAMIC_NO_PIC = NO;
				GCC_NO_COMMON_BLOCKS = YES;
				GCC_OPTIMIZATION_LEVEL = 0;
				GCC_PREPROCESSOR_DEFINITIONS = (
					"DEBUG=1",
					"$(inherited)",
				);
				GCC_WARN_64_TO_32_BIT_CONVERSION = YES;
				GCC_WARN_ABOUT_RETURN_TYPE = YES_ERROR;
				GCC_WARN_UNDECLARED_SELECTOR = YES;
				GCC_WARN_UNINITIALIZED_AUTOS = YES_AGGRESSIVE;
				GCC_WARN_UNUSED_FUNCTION = YES;
				GCC_WARN_UNUSED_VARIABLE = YES;
				IPHONEOS_DEPLOYMENT_TARGET = 26.2;
				LOCALIZATION_PREFERS_STRING_CATALOGS = YES;
				MTL_ENABLE_DEBUG_INFO = INCLUDE_SOURCE;
				MTL_FAST_MATH = YES;
				ONLY_ACTIVE_ARCH = YES;
				SDKROOT = iphoneos;
				SWIFT_ACTIVE_COMPILATION_CONDITIONS = "DEBUG $(inherited)";
				SWIFT_OPTIMIZATION_LEVEL = "-Onone";
			};
			name = Debug;
		};
		1B3664A82F60849F004A7F16 /* Release */ = {
			isa = XCBuildConfiguration;
			baseConfigurationReference = AA00000000RELEASEXCCONFG /* Release.xcconfig */;
			buildSettings = {
				ALWAYS_SEARCH_USER_PATHS = NO;
				ASSETCATALOG_COMPILER_GENERATE_SWIFT_ASSET_SYMBOL_EXTENSIONS = YES;
				CLANG_ANALYZER_NONNULL = YES;
				CLANG_ANALYZER_NUMBER_OBJECT_CONVERSION = YES_AGGRESSIVE;
				CLANG_CXX_LANGUAGE_STANDARD = "gnu++20";
				CLANG_ENABLE_MODULES = YES;
				CLANG_ENABLE_OBJC_ARC = YES;
				CLANG_ENABLE_OBJC_WEAK = YES;
				CLANG_WARN_BLOCK_CAPTURE_AUTORELEASING = YES;
				CLANG_WARN_BOOL_CONVERSION = YES;
				CLANG_WARN_COMMA = YES;
				CLANG_WARN_CONSTANT_CONVERSION = YES;
				CLANG_WARN_DEPRECATED_OBJC_IMPLEMENTATIONS = YES;
				CLANG_WARN_DIRECT_OBJC_ISA_USAGE = YES_ERROR;
				CLANG_WARN_DOCUMENTATION_COMMENTS = YES;
				CLANG_WARN_EMPTY_BODY = YES;
				CLANG_WARN_ENUM_CONVERSION = YES;
				CLANG_WARN_INFINITE_RECURSION = YES;
				CLANG_WARN_INT_CONVERSION = YES;
				CLANG_WARN_NON_LITERAL_NULL_CONVERSION = YES;
				CLANG_WARN_OBJC_IMPLICIT_RETAIN_SELF = YES;
				CLANG_WARN_OBJC_LITERAL_CONVERSION = YES;
				CLANG_WARN_OBJC_ROOT_CLASS = YES_ERROR;
				CLANG_WARN_QUOTED_INCLUDE_IN_FRAMEWORK_HEADER = YES;
				CLANG_WARN_RANGE_LOOP_ANALYSIS = YES;
				CLANG_WARN_STRICT_PROTOTYPES = YES;
				CLANG_WARN_SUSPICIOUS_MOVE = YES;
				CLANG_WARN_UNGUARDED_AVAILABILITY = YES_AGGRESSIVE;
				CLANG_WARN_UNREACHABLE_CODE = YES;
				CLANG_WARN__DUPLICATE_METHOD_MATCH = YES;
				COPY_PHASE_STRIP = NO;
				DEBUG_INFORMATION_FORMAT = "dwarf-with-dsym";
				DEVELOPMENT_TEAM = 5ZTZD96Q8H;
				ENABLE_NS_ASSERTIONS = NO;
				ENABLE_STRICT_OBJC_MSGSEND = YES;
				ENABLE_USER_SCRIPT_SANDBOXING = YES;
				GCC_C_LANGUAGE_STANDARD = gnu17;
				GCC_NO_COMMON_BLOCKS = YES;
				GCC_WARN_64_TO_32_BIT_CONVERSION = YES;
				GCC_WARN_ABOUT_RETURN_TYPE = YES_ERROR;
				GCC_WARN_UNDECLARED_SELECTOR = YES;
				GCC_WARN_UNINITIALIZED_AUTOS = YES_AGGRESSIVE;
				GCC_WARN_UNUSED_FUNCTION = YES;
				GCC_WARN_UNUSED_VARIABLE = YES;
				IPHONEOS_DEPLOYMENT_TARGET = 26.2;
				LOCALIZATION_PREFERS_STRING_CATALOGS = YES;
				MTL_ENABLE_DEBUG_INFO = NO;
				MTL_FAST_MATH = YES;
				SDKROOT = iphoneos;
				SWIFT_COMPILATION_MODE = wholemodule;
				VALIDATE_PRODUCT = YES;
			};
			name = Release;
		};
		1B3664AA2F60849F004A7F16 /* Debug */ = {
			isa = XCBuildConfiguration;
			buildSettings = {
				ASSETCATALOG_COMPILER_APPICON_NAME = AppIcon;
				ASSETCATALOG_COMPILER_GLOBAL_ACCENT_COLOR_NAME = AccentColor;
				CODE_SIGN_ENTITLEMENTS = Nola.entitlements;
				CODE_SIGN_STYLE = Automatic;
				CURRENT_PROJECT_VERSION = 6;
				DEBUG_INFORMATION_FORMAT = "dwarf-with-dsym";
				DEVELOPMENT_TEAM = NTRBFQBVXP;
				ENABLE_PREVIEWS = YES;
				ENABLE_USER_SCRIPT_SANDBOXING = NO;
				GENERATE_INFOPLIST_FILE = YES;
				INFOPLIST_FILE = app/Info.plist;
				INFOPLIST_KEY_UIApplicationSceneManifest_Generation = YES;
				INFOPLIST_KEY_UIApplicationSupportsIndirectInputEvents = YES;
				INFOPLIST_KEY_UISupportedInterfaceOrientations = UIInterfaceOrientationPortrait;
				INFOPLIST_KEY_UISupportedInterfaceOrientations_iPad = "UIInterfaceOrientationLandscapeLeft UIInterfaceOrientationLandscapeRight UIInterfaceOrientationPortrait UIInterfaceOrientationPortraitUpsideDown";
				LD_RUNPATH_SEARCH_PATHS = (
					"$(inherited)",
					"@executable_path/Frameworks",
				);
				MARKETING_VERSION = 1.0;
				PRODUCT_BUNDLE_IDENTIFIER = money.nola.app;
				PRODUCT_NAME = "$(TARGET_NAME)";
				STRING_CATALOG_GENERATE_SYMBOLS = YES;
				SWIFT_APPROACHABLE_CONCURRENCY = YES;
				SWIFT_DEFAULT_ACTOR_ISOLATION = MainActor;
				SWIFT_EMIT_LOC_STRINGS = YES;
				SWIFT_UPCOMING_FEATURE_MEMBER_IMPORT_VISIBILITY = YES;
				SWIFT_VERSION = 5.0;
				TARGETED_DEVICE_FAMILY = "1,2";
			};
			name = Debug;
		};
		1B3664AB2F60849F004A7F16 /* Release */ = {
			isa = XCBuildConfiguration;
			buildSettings = {
				ASSETCATALOG_COMPILER_APPICON_NAME = AppIcon;
				ASSETCATALOG_COMPILER_GLOBAL_ACCENT_COLOR_NAME = AccentColor;
				CODE_SIGN_ENTITLEMENTS = Nola.entitlements;
				CODE_SIGN_STYLE = Automatic;
				CURRENT_PROJECT_VERSION = 6;
				DEBUG_INFORMATION_FORMAT = "dwarf-with-dsym";
				DEVELOPMENT_TEAM = NTRBFQBVXP;
				ENABLE_PREVIEWS = YES;
				ENABLE_USER_SCRIPT_SANDBOXING = NO;
				GENERATE_INFOPLIST_FILE = YES;
				INFOPLIST_FILE = app/Info.plist;
				INFOPLIST_KEY_UIApplicationSceneManifest_Generation = YES;
				INFOPLIST_KEY_UIApplicationSupportsIndirectInputEvents = YES;
				INFOPLIST_KEY_UISupportedInterfaceOrientations = UIInterfaceOrientationPortrait;
				INFOPLIST_KEY_UISupportedInterfaceOrientations_iPad = "UIInterfaceOrientationLandscapeLeft UIInterfaceOrientationLandscapeRight UIInterfaceOrientationPortrait UIInterfaceOrientationPortraitUpsideDown";
				LD_RUNPATH_SEARCH_PATHS = (
					"$(inherited)",
					"@executable_path/Frameworks",
				);
				MARKETING_VERSION = 1.0;
				PRODUCT_BUNDLE_IDENTIFIER = money.nola.app;
				PRODUCT_NAME = "$(TARGET_NAME)";
				STRING_CATALOG_GENERATE_SYMBOLS = YES;
				SWIFT_APPROACHABLE_CONCURRENCY = YES;
				SWIFT_DEFAULT_ACTOR_ISOLATION = MainActor;
				SWIFT_EMIT_LOC_STRINGS = YES;
				SWIFT_UPCOMING_FEATURE_MEMBER_IMPORT_VISIBILITY = YES;
				SWIFT_VERSION = 5.0;
				TARGETED_DEVICE_FAMILY = "1,2";
			};
			name = Release;
		};
/* End XCBuildConfiguration section */

/* Begin XCConfigurationList section */
		1B3664992F60849E004A7F16 /* Build configuration list for PBXProject "Nola" */ = {
			isa = XCConfigurationList;
			buildConfigurations = (
				1B3664A72F60849F004A7F16 /* Debug */,
				1B3664A82F60849F004A7F16 /* Release */,
			);
			defaultConfigurationIsVisible = 0;
			defaultConfigurationName = Release;
		};
		1B3664A92F60849F004A7F16 /* Build configuration list for PBXNativeTarget "Nola" */ = {
			isa = XCConfigurationList;
			buildConfigurations = (
				1B3664AA2F60849F004A7F16 /* Debug */,
				1B3664AB2F60849F004A7F16 /* Release */,
			);
			defaultConfigurationIsVisible = 0;
			defaultConfigurationName = Release;
		};
/* End XCConfigurationList section */

/* Begin XCRemoteSwiftPackageReference section */
		1BF0E3F52F743D7C0059DFF7 /* XCRemoteSwiftPackageReference "firebase-ios-sdk" */ = {
			isa = XCRemoteSwiftPackageReference;
			repositoryURL = "https://github.com/firebase/firebase-ios-sdk";
			requirement = {
				kind = upToNextMajorVersion;
				minimumVersion = 12.11.0;
			};
		};
		AA00000000000002000PRIVY /* XCRemoteSwiftPackageReference "privy-ios" */ = {
			isa = XCRemoteSwiftPackageReference;
			repositoryURL = "https://github.com/privy-io/privy-ios";
			requirement = {
				kind = upToNextMajorVersion;
				minimumVersion = 2.0.0;
			};
		};
		F3E6563739494B159DA19932 /* XCRemoteSwiftPackageReference "sentry-cocoa" */ = {
			isa = XCRemoteSwiftPackageReference;
			repositoryURL = "https://github.com/getsentry/sentry-cocoa/";
			requirement = {
				kind = upToNextMajorVersion;
				minimumVersion = 8.0.0;
			};
		};
/* End XCRemoteSwiftPackageReference section */

/* Begin XCSwiftPackageProductDependency section */
		021D3D0C9FF648F392A2438B /* Sentry */ = {
			isa = XCSwiftPackageProductDependency;
			package = F3E6563739494B159DA19932 /* XCRemoteSwiftPackageReference "sentry-cocoa" */;
			productName = Sentry;
		};
		1BF0E3F62F743D7C0059DFF7 /* FirebaseAnalytics */ = {
			isa = XCSwiftPackageProductDependency;
			package = 1BF0E3F52F743D7C0059DFF7 /* XCRemoteSwiftPackageReference "firebase-ios-sdk" */;
			productName = FirebaseAnalytics;
		};
		1BF0E3F82F743D7C0059DFF7 /* FirebaseAnalyticsCore */ = {
			isa = XCSwiftPackageProductDependency;
			package = 1BF0E3F52F743D7C0059DFF7 /* XCRemoteSwiftPackageReference "firebase-ios-sdk" */;
			productName = FirebaseAnalyticsCore;
		};
		1BF0E3FA2F743D7C0059DFF7 /* FirebaseAnalyticsIdentitySupport */ = {
			isa = XCSwiftPackageProductDependency;
			package = 1BF0E3F52F743D7C0059DFF7 /* XCRemoteSwiftPackageReference "firebase-ios-sdk" */;
			productName = FirebaseAnalyticsIdentitySupport;
		};
		1BF0E3FC2F743D7C0059DFF7 /* FirebaseAppCheck */ = {
			isa = XCSwiftPackageProductDependency;
			package = 1BF0E3F52F743D7C0059DFF7 /* XCRemoteSwiftPackageReference "firebase-ios-sdk" */;
			productName = FirebaseAppCheck;
		};
		1BF0E3FE2F743D7C0059DFF7 /* FirebaseCore */ = {
			isa = XCSwiftPackageProductDependency;
			package = 1BF0E3F52F743D7C0059DFF7 /* XCRemoteSwiftPackageReference "firebase-ios-sdk" */;
			productName = FirebaseCore;
		};
		1BF0E4002F743D7C0059DFF7 /* FirebaseCrashlytics */ = {
			isa = XCSwiftPackageProductDependency;
			package = 1BF0E3F52F743D7C0059DFF7 /* XCRemoteSwiftPackageReference "firebase-ios-sdk" */;
			productName = FirebaseCrashlytics;
		};
		1BF0E4022F743D7C0059DFF7 /* FirebaseMessaging */ = {
			isa = XCSwiftPackageProductDependency;
			package = 1BF0E3F52F743D7C0059DFF7 /* XCRemoteSwiftPackageReference "firebase-ios-sdk" */;
			productName = FirebaseMessaging;
		};
		1BF0E4042F743D7C0059DFF7 /* FirebasePerformance */ = {
			isa = XCSwiftPackageProductDependency;
			package = 1BF0E3F52F743D7C0059DFF7 /* XCRemoteSwiftPackageReference "firebase-ios-sdk" */;
			productName = FirebasePerformance;
		};
		AA00000000000001000PRIVY /* Privy */ = {
			isa = XCSwiftPackageProductDependency;
			package = AA00000000000002000PRIVY /* XCRemoteSwiftPackageReference "privy-ios" */;
			productName = Privy;
		};
/* End XCSwiftPackageProductDependency section */
	};
	rootObject = 1B3664962F60849E004A7F16 /* Project object */;
}
